// !$*UTF8*$!
{
	archiveVersion = 1;
	classes = {
	};
	objectVersion = 46;
	objects = {

/* Begin PBXBuildFile section */
		27026E411D487C0B00D270F5 /* ZNPopView.swift in Sources */ = {isa = PBXBuildFile; fileRef = 27026E401D487C0B00D270F5 /* ZNPopView.swift */; };
		2706D18B1D51E77500A57B78 /* UILabelExtension.swift in Sources */ = {isa = PBXBuildFile; fileRef = 2706D18A1D51E77500A57B78 /* UILabelExtension.swift */; };
		27200F871D31466500107D06 /* ZNMainViewController.swift in Sources */ = {isa = PBXBuildFile; fileRef = 27200F861D31466500107D06 /* ZNMainViewController.swift */; };
		27200F8C1D31F82900107D06 /* UIViewAddition.swift in Sources */ = {isa = PBXBuildFile; fileRef = 27200F8B1D31F82900107D06 /* UIViewAddition.swift */; };
		27200F8E1D31F83600107D06 /* coreTabPage.swift in Sources */ = {isa = PBXBuildFile; fileRef = 27200F8D1D31F83600107D06 /* coreTabPage.swift */; };
		27200FCA1D3215CF00107D06 /* ZNLeftBarView.swift in Sources */ = {isa = PBXBuildFile; fileRef = 27200FC91D3215CF00107D06 /* ZNLeftBarView.swift */; };
		27200FCC1D32221600107D06 /* ZNLeftBarContentView.swift in Sources */ = {isa = PBXBuildFile; fileRef = 27200FCB1D32221600107D06 /* ZNLeftBarContentView.swift */; };
		2767EC4F1D49F56100FBC14E /* Regex.swift in Sources */ = {isa = PBXBuildFile; fileRef = 2767EC4E1D49F56100FBC14E /* Regex.swift */; };
		2767EC531D4A0AD000FBC14E /* ZNMessageViewModel.swift in Sources */ = {isa = PBXBuildFile; fileRef = 2767EC521D4A0AD000FBC14E /* ZNMessageViewModel.swift */; };
		2767EC551D4AD17500FBC14E /* ZNListModel.swift in Sources */ = {isa = PBXBuildFile; fileRef = 2767EC541D4AD17500FBC14E /* ZNListModel.swift */; };
		2768AEF01D4BA85900C529A6 /* ZNQRCodeViewController.swift in Sources */ = {isa = PBXBuildFile; fileRef = 2768AEEF1D4BA85900C529A6 /* ZNQRCodeViewController.swift */; };
		2768AF311D4C3E0800C529A6 /* StringExtension.swift in Sources */ = {isa = PBXBuildFile; fileRef = 2768AF301D4C3E0800C529A6 /* StringExtension.swift */; };
		2768AF341D4C423400C529A6 /* ZNQRScanViewController.swift in Sources */ = {isa = PBXBuildFile; fileRef = 2768AF331D4C423400C529A6 /* ZNQRScanViewController.swift */; };
		2768B02E1D4E3F6500C529A6 /* UIImageExtension.swift in Sources */ = {isa = PBXBuildFile; fileRef = 2768B02D1D4E3F6500C529A6 /* UIImageExtension.swift */; };
		2768B0341D4E467900C529A6 /* ZNSearchViewController.swift in Sources */ = {isa = PBXBuildFile; fileRef = 2768B0321D4E467900C529A6 /* ZNSearchViewController.swift */; };
		2768B0351D4E467900C529A6 /* ZNSearchViewController.xib in Resources */ = {isa = PBXBuildFile; fileRef = 2768B0331D4E467900C529A6 /* ZNSearchViewController.xib */; };
		2768B0371D4ECDB000C529A6 /* ZNSearchListModel.swift in Sources */ = {isa = PBXBuildFile; fileRef = 2768B0361D4ECDB000C529A6 /* ZNSearchListModel.swift */; };
		2768B0391D4ECFA500C529A6 /* ZNSearchListViewController.swift in Sources */ = {isa = PBXBuildFile; fileRef = 2768B0381D4ECFA500C529A6 /* ZNSearchListViewController.swift */; };
		2768B03B1D4ECFD200C529A6 /* ZNSearchListTableViewCell.swift in Sources */ = {isa = PBXBuildFile; fileRef = 2768B03A1D4ECFD200C529A6 /* ZNSearchListTableViewCell.swift */; };
		276AD9231D47A82300E958CA /* ZNNewInfoViewController.swift in Sources */ = {isa = PBXBuildFile; fileRef = 276AD9221D47A82300E958CA /* ZNNewInfoViewController.swift */; };
		278E639F1D33DFA10096BAF7 /* ZNNavigationController.swift in Sources */ = {isa = PBXBuildFile; fileRef = 278E639E1D33DFA10096BAF7 /* ZNNavigationController.swift */; };
		278E63A31D33E77D0096BAF7 /* ZNInfoListViewController.swift in Sources */ = {isa = PBXBuildFile; fileRef = 278E63A21D33E77D0096BAF7 /* ZNInfoListViewController.swift */; };
		278E63A51D33ECF60096BAF7 /* ZNTableViewCell.swift in Sources */ = {isa = PBXBuildFile; fileRef = 278E63A41D33ECF60096BAF7 /* ZNTableViewCell.swift */; };
		27A8355E1D49D9A30027E77E /* ZNMessageInfo.swift in Sources */ = {isa = PBXBuildFile; fileRef = 27A8355D1D49D9A30027E77E /* ZNMessageInfo.swift */; };
		27BFA5E61D32278000414EA4 /* ZNLeftListCell.swift in Sources */ = {isa = PBXBuildFile; fileRef = 27BFA5E51D32278000414EA4 /* ZNLeftListCell.swift */; };
		27BFA5E81D32387500414EA4 /* ZNWeatherView.swift in Sources */ = {isa = PBXBuildFile; fileRef = 27BFA5E71D32387500414EA4 /* ZNWeatherView.swift */; };
		27E79C6F1D54706C00E34AEF /* weather.plist in Resources */ = {isa = PBXBuildFile; fileRef = 27E79C6E1D54706C00E34AEF /* weather.plist */; };
		27FC637C1D31387E00A6C112 /* AppDelegate.swift in Sources */ = {isa = PBXBuildFile; fileRef = 27FC637B1D31387E00A6C112 /* AppDelegate.swift */; };
		27FC63831D31387E00A6C112 /* Assets.xcassets in Resources */ = {isa = PBXBuildFile; fileRef = 27FC63821D31387E00A6C112 /* Assets.xcassets */; };
		27FC63861D31387E00A6C112 /* LaunchScreen.storyboard in Resources */ = {isa = PBXBuildFile; fileRef = 27FC63841D31387E00A6C112 /* LaunchScreen.storyboard */; };
		27FC63911D31387E00A6C112 /* ZafuNewsTests.swift in Sources */ = {isa = PBXBuildFile; fileRef = 27FC63901D31387E00A6C112 /* ZafuNewsTests.swift */; };
		27FC639C1D31387E00A6C112 /* ZafuNewsUITests.swift in Sources */ = {isa = PBXBuildFile; fileRef = 27FC639B1D31387E00A6C112 /* ZafuNewsUITests.swift */; };
		FE6DFCABBA0C96F700D16D4A /* Pods.framework in Frameworks */ = {isa = PBXBuildFile; fileRef = A975EBC74746D7C49A3059F7 /* Pods.framework */; };
/* End PBXBuildFile section */

/* Begin PBXContainerItemProxy section */
		27FC638D1D31387E00A6C112 /* PBXContainerItemProxy */ = {
			isa = PBXContainerItemProxy;
			containerPortal = 27FC63701D31387E00A6C112 /* Project object */;
			proxyType = 1;
			remoteGlobalIDString = 27FC63771D31387E00A6C112;
			remoteInfo = ZafuNews;
		};
		27FC63981D31387E00A6C112 /* PBXContainerItemProxy */ = {
			isa = PBXContainerItemProxy;
			containerPortal = 27FC63701D31387E00A6C112 /* Project object */;
			proxyType = 1;
			remoteGlobalIDString = 27FC63771D31387E00A6C112;
			remoteInfo = ZafuNews;
		};
/* End PBXContainerItemProxy section */

/* Begin PBXFileReference section */
		27026E401D487C0B00D270F5 /* ZNPopView.swift */ = {isa = PBXFileReference; fileEncoding = 4; lastKnownFileType = sourcecode.swift; name = ZNPopView.swift; path = Class/newInfo/View/ZNPopView.swift; sourceTree = "<group>"; };
		2706D18A1D51E77500A57B78 /* UILabelExtension.swift */ = {isa = PBXFileReference; fileEncoding = 4; lastKnownFileType = sourcecode.swift; name = UILabelExtension.swift; path = support/UILabelExtension.swift; sourceTree = "<group>"; };
		27200F861D31466500107D06 /* ZNMainViewController.swift */ = {isa = PBXFileReference; fileEncoding = 4; lastKnownFileType = sourcecode.swift; name = ZNMainViewController.swift; path = Class/Main/Controller/ZNMainViewController.swift; sourceTree = "<group>"; };
		27200F8B1D31F82900107D06 /* UIViewAddition.swift */ = {isa = PBXFileReference; fileEncoding = 4; lastKnownFileType = sourcecode.swift; name = UIViewAddition.swift; path = support/UIViewAddition.swift; sourceTree = "<group>"; };
		27200F8D1D31F83600107D06 /* coreTabPage.swift */ = {isa = PBXFileReference; fileEncoding = 4; lastKnownFileType = sourcecode.swift; name = coreTabPage.swift; path = Class/Main/View/coreTabPage.swift; sourceTree = "<group>"; };
		27200FC91D3215CF00107D06 /* ZNLeftBarView.swift */ = {isa = PBXFileReference; fileEncoding = 4; lastKnownFileType = sourcecode.swift; name = ZNLeftBarView.swift; path = Class/Main/View/ZNLeftBarView.swift; sourceTree = "<group>"; };
		27200FCB1D32221600107D06 /* ZNLeftBarContentView.swift */ = {isa = PBXFileReference; fileEncoding = 4; lastKnownFileType = sourcecode.swift; name = ZNLeftBarContentView.swift; path = Class/Main/View/ZNLeftBarContentView.swift; sourceTree = "<group>"; };
		2726244C1D50EB01002176A9 /* libicucore.tbd */ = {isa = PBXFileReference; lastKnownFileType = "sourcecode.text-based-dylib-definition"; name = libicucore.tbd; path = usr/lib/libicucore.tbd; sourceTree = SDKROOT; };
		2726244E1D50EB08002176A9 /* libz.tbd */ = {isa = PBXFileReference; lastKnownFileType = "sourcecode.text-based-dylib-definition"; name = libz.tbd; path = usr/lib/libz.tbd; sourceTree = SDKROOT; };
		272624501D50EB10002176A9 /* libstdc++.tbd */ = {isa = PBXFileReference; lastKnownFileType = "sourcecode.text-based-dylib-definition"; name = "libstdc++.tbd"; path = "usr/lib/libstdc++.tbd"; sourceTree = SDKROOT; };
		272624521D50EB1B002176A9 /* ImageIO.framework */ = {isa = PBXFileReference; lastKnownFileType = wrapper.framework; name = ImageIO.framework; path = System/Library/Frameworks/ImageIO.framework; sourceTree = SDKROOT; };
		272624541D50EB25002176A9 /* libsqlite3.tbd */ = {isa = PBXFileReference; lastKnownFileType = "sourcecode.text-based-dylib-definition"; name = libsqlite3.tbd; path = usr/lib/libsqlite3.tbd; sourceTree = SDKROOT; };
		2767EC4E1D49F56100FBC14E /* Regex.swift */ = {isa = PBXFileReference; fileEncoding = 4; lastKnownFileType = sourcecode.swift; name = Regex.swift; path = support/Regex.swift; sourceTree = "<group>"; };
		2767EC521D4A0AD000FBC14E /* ZNMessageViewModel.swift */ = {isa = PBXFileReference; fileEncoding = 4; lastKnownFileType = sourcecode.swift; name = ZNMessageViewModel.swift; path = Class/newInfo/model/ZNMessageViewModel.swift; sourceTree = "<group>"; };
		2767EC541D4AD17500FBC14E /* ZNListModel.swift */ = {isa = PBXFileReference; fileEncoding = 4; lastKnownFileType = sourcecode.swift; name = ZNListModel.swift; path = Class/Main/Model/ZNListModel.swift; sourceTree = "<group>"; };
		2768AEEF1D4BA85900C529A6 /* ZNQRCodeViewController.swift */ = {isa = PBXFileReference; fileEncoding = 4; lastKnownFileType = sourcecode.swift; name = ZNQRCodeViewController.swift; path = Class/newInfo/controller/ZNQRCodeViewController.swift; sourceTree = "<group>"; };
		2768AF301D4C3E0800C529A6 /* StringExtension.swift */ = {isa = PBXFileReference; fileEncoding = 4; lastKnownFileType = sourcecode.swift; name = StringExtension.swift; path = support/StringExtension.swift; sourceTree = "<group>"; };
		2768AF331D4C423400C529A6 /* ZNQRScanViewController.swift */ = {isa = PBXFileReference; fileEncoding = 4; lastKnownFileType = sourcecode.swift; name = ZNQRScanViewController.swift; path = Class/QRScan/Controller/ZNQRScanViewController.swift; sourceTree = "<group>"; };
		2768B02D1D4E3F6500C529A6 /* UIImageExtension.swift */ = {isa = PBXFileReference; fileEncoding = 4; lastKnownFileType = sourcecode.swift; name = UIImageExtension.swift; path = support/UIImageExtension.swift; sourceTree = "<group>"; };
		2768B0321D4E467900C529A6 /* ZNSearchViewController.swift */ = {isa = PBXFileReference; fileEncoding = 4; lastKnownFileType = sourcecode.swift; name = ZNSearchViewController.swift; path = Class/Search/ZNSearchViewController.swift; sourceTree = "<group>"; };
		2768B0331D4E467900C529A6 /* ZNSearchViewController.xib */ = {isa = PBXFileReference; fileEncoding = 4; lastKnownFileType = file.xib; name = ZNSearchViewController.xib; path = Class/Search/ZNSearchViewController.xib; sourceTree = "<group>"; };
		2768B0361D4ECDB000C529A6 /* ZNSearchListModel.swift */ = {isa = PBXFileReference; fileEncoding = 4; lastKnownFileType = sourcecode.swift; name = ZNSearchListModel.swift; path = Class/Search/ZNSearchListModel.swift; sourceTree = "<group>"; };
		2768B0381D4ECFA500C529A6 /* ZNSearchListViewController.swift */ = {isa = PBXFileReference; fileEncoding = 4; lastKnownFileType = sourcecode.swift; name = ZNSearchListViewController.swift; path = Class/Search/ZNSearchListViewController.swift; sourceTree = "<group>"; };
		2768B03A1D4ECFD200C529A6 /* ZNSearchListTableViewCell.swift */ = {isa = PBXFileReference; fileEncoding = 4; lastKnownFileType = sourcecode.swift; name = ZNSearchListTableViewCell.swift; path = Class/Search/ZNSearchListTableViewCell.swift; sourceTree = "<group>"; };
		276AD9221D47A82300E958CA /* ZNNewInfoViewController.swift */ = {isa = PBXFileReference; fileEncoding = 4; lastKnownFileType = sourcecode.swift; name = ZNNewInfoViewController.swift; path = Class/newInfo/controller/ZNNewInfoViewController.swift; sourceTree = "<group>"; };
		278E639E1D33DFA10096BAF7 /* ZNNavigationController.swift */ = {isa = PBXFileReference; fileEncoding = 4; lastKnownFileType = sourcecode.swift; name = ZNNavigationController.swift; path = Class/Main/Controller/ZNNavigationController.swift; sourceTree = "<group>"; };
		278E63A21D33E77D0096BAF7 /* ZNInfoListViewController.swift */ = {isa = PBXFileReference; fileEncoding = 4; lastKnownFileType = sourcecode.swift; name = ZNInfoListViewController.swift; path = Class/Main/Controller/ZNInfoListViewController.swift; sourceTree = "<group>"; };
		278E63A41D33ECF60096BAF7 /* ZNTableViewCell.swift */ = {isa = PBXFileReference; fileEncoding = 4; lastKnownFileType = sourcecode.swift; name = ZNTableViewCell.swift; path = Class/Main/View/ZNTableViewCell.swift; sourceTree = "<group>"; };
		27A8355D1D49D9A30027E77E /* ZNMessageInfo.swift */ = {isa = PBXFileReference; fileEncoding = 4; lastKnownFileType = sourcecode.swift; name = ZNMessageInfo.swift; path = Class/newInfo/model/ZNMessageInfo.swift; sourceTree = "<group>"; };
		27A8355F1D49DBF50027E77E /* Ji.framework */ = {isa = PBXFileReference; explicitFileType = wrapper.framework; name = Ji.framework; path = "/Users/Mike/Library/Developer/Xcode/DerivedData/ZafuNews-bahosfgzgjbpzrcsumltpiznzqnd/Build/Products/Debug-iphonesimulator/Ji.framework"; sourceTree = "<absolute>"; };
		27BFA5E51D32278000414EA4 /* ZNLeftListCell.swift */ = {isa = PBXFileReference; fileEncoding = 4; lastKnownFileType = sourcecode.swift; name = ZNLeftListCell.swift; path = Class/Main/View/ZNLeftListCell.swift; sourceTree = "<group>"; };
		27BFA5E71D32387500414EA4 /* ZNWeatherView.swift */ = {isa = PBXFileReference; fileEncoding = 4; lastKnownFileType = sourcecode.swift; name = ZNWeatherView.swift; path = Class/Main/View/ZNWeatherView.swift; sourceTree = "<group>"; };
		27E79C6E1D54706C00E34AEF /* weather.plist */ = {isa = PBXFileReference; fileEncoding = 4; lastKnownFileType = text.plist.xml; name = weather.plist; path = Data/weather.plist; sourceTree = "<group>"; };
		27FC63781D31387E00A6C112 /* ZafuNews.app */ = {isa = PBXFileReference; explicitFileType = wrapper.application; includeInIndex = 0; path = ZafuNews.app; sourceTree = BUILT_PRODUCTS_DIR; };
		27FC637B1D31387E00A6C112 /* AppDelegate.swift */ = {isa = PBXFileReference; lastKnownFileType = sourcecode.swift; path = AppDelegate.swift; sourceTree = "<group>"; };
		27FC63821D31387E00A6C112 /* Assets.xcassets */ = {isa = PBXFileReference; lastKnownFileType = folder.assetcatalog; path = Assets.xcassets; sourceTree = "<group>"; };
		27FC63851D31387E00A6C112 /* Base */ = {isa = PBXFileReference; lastKnownFileType = file.storyboard; name = Base; path = Base.lproj/LaunchScreen.storyboard; sourceTree = "<group>"; };
		27FC63871D31387E00A6C112 /* Info.plist */ = {isa = PBXFileReference; lastKnownFileType = text.plist.xml; path = Info.plist; sourceTree = "<group>"; };
		27FC638C1D31387E00A6C112 /* ZafuNewsTests.xctest */ = {isa = PBXFileReference; explicitFileType = wrapper.cfbundle; includeInIndex = 0; path = ZafuNewsTests.xctest; sourceTree = BUILT_PRODUCTS_DIR; };
		27FC63901D31387E00A6C112 /* ZafuNewsTests.swift */ = {isa = PBXFileReference; lastKnownFileType = sourcecode.swift; path = ZafuNewsTests.swift; sourceTree = "<group>"; };
		27FC63921D31387E00A6C112 /* Info.plist */ = {isa = PBXFileReference; lastKnownFileType = text.plist.xml; path = Info.plist; sourceTree = "<group>"; };
		27FC63971D31387E00A6C112 /* ZafuNewsUITests.xctest */ = {isa = PBXFileReference; explicitFileType = wrapper.cfbundle; includeInIndex = 0; path = ZafuNewsUITests.xctest; sourceTree = BUILT_PRODUCTS_DIR; };
		27FC639B1D31387E00A6C112 /* ZafuNewsUITests.swift */ = {isa = PBXFileReference; lastKnownFileType = sourcecode.swift; path = ZafuNewsUITests.swift; sourceTree = "<group>"; };
		27FC639D1D31387E00A6C112 /* Info.plist */ = {isa = PBXFileReference; lastKnownFileType = text.plist.xml; path = Info.plist; sourceTree = "<group>"; };
		36537C57BDD13CEF65237AEA /* Pods.release.xcconfig */ = {isa = PBXFileReference; includeInIndex = 1; lastKnownFileType = text.xcconfig; name = Pods.release.xcconfig; path = "Pods/Target Support Files/Pods/Pods.release.xcconfig"; sourceTree = "<group>"; };
		98E8821A2FD00AC4263EBF46 /* Pods.debug.xcconfig */ = {isa = PBXFileReference; includeInIndex = 1; lastKnownFileType = text.xcconfig; name = Pods.debug.xcconfig; path = "Pods/Target Support Files/Pods/Pods.debug.xcconfig"; sourceTree = "<group>"; };
		A975EBC74746D7C49A3059F7 /* Pods.framework */ = {isa = PBXFileReference; explicitFileType = wrapper.framework; includeInIndex = 0; path = Pods.framework; sourceTree = BUILT_PRODUCTS_DIR; };
/* End PBXFileReference section */

/* Begin PBXFrameworksBuildPhase section */
		27FC63751D31387E00A6C112 /* Frameworks */ = {
			isa = PBXFrameworksBuildPhase;
			buildActionMask = 2147483647;
			files = (
				FE6DFCABBA0C96F700D16D4A /* Pods.framework in Frameworks */,
			);
			runOnlyForDeploymentPostprocessing = 0;
		};
		27FC63891D31387E00A6C112 /* Frameworks */ = {
			isa = PBXFrameworksBuildPhase;
			buildActionMask = 2147483647;
			files = (
			);
			runOnlyForDeploymentPostprocessing = 0;
		};
		27FC63941D31387E00A6C112 /* Frameworks */ = {
			isa = PBXFrameworksBuildPhase;
			buildActionMask = 2147483647;
			files = (
			);
			runOnlyForDeploymentPostprocessing = 0;
		};
/* End PBXFrameworksBuildPhase section */

/* Begin PBXGroup section */
		27200F7D1D31426C00107D06 /* class */ = {
			isa = PBXGroup;
			children = (
				2768AF731D4C761E00C529A6 /* Option */,
				27200F881D31F7AB00107D06 /* support */,
				276AD91D1D47A74700E958CA /* newInfo */,
				27200F7E1D3143BB00107D06 /* Main */,
			);
			name = class;
			sourceTree = "<group>";
		};
		27200F7E1D3143BB00107D06 /* Main */ = {
			isa = PBXGroup;
			children = (
				27200F811D3143CF00107D06 /* View */,
				27200F801D3143CA00107D06 /* Model */,
				27200F7F1D3143C200107D06 /* Controller */,
			);
			name = Main;
			sourceTree = "<group>";
		};
		27200F7F1D3143C200107D06 /* Controller */ = {
			isa = PBXGroup;
			children = (
				278E63A21D33E77D0096BAF7 /* ZNInfoListViewController.swift */,
				27200F861D31466500107D06 /* ZNMainViewController.swift */,
				278E639E1D33DFA10096BAF7 /* ZNNavigationController.swift */,
			);
			name = Controller;
			sourceTree = "<group>";
		};
		27200F801D3143CA00107D06 /* Model */ = {
			isa = PBXGroup;
			children = (
				2767EC541D4AD17500FBC14E /* ZNListModel.swift */,
			);
			name = Model;
			sourceTree = "<group>";
		};
		27200F811D3143CF00107D06 /* View */ = {
			isa = PBXGroup;
			children = (
				27200F8D1D31F83600107D06 /* coreTabPage.swift */,
				27200FC91D3215CF00107D06 /* ZNLeftBarView.swift */,
				27200FCB1D32221600107D06 /* ZNLeftBarContentView.swift */,
				27BFA5E51D32278000414EA4 /* ZNLeftListCell.swift */,
				27BFA5E71D32387500414EA4 /* ZNWeatherView.swift */,
				278E63A41D33ECF60096BAF7 /* ZNTableViewCell.swift */,
			);
			name = View;
			sourceTree = "<group>";
		};
		27200F881D31F7AB00107D06 /* support */ = {
			isa = PBXGroup;
			children = (
				27FC637B1D31387E00A6C112 /* AppDelegate.swift */,
				27200F8B1D31F82900107D06 /* UIViewAddition.swift */,
				2767EC4E1D49F56100FBC14E /* Regex.swift */,
				2768AF301D4C3E0800C529A6 /* StringExtension.swift */,
				2768B02D1D4E3F6500C529A6 /* UIImageExtension.swift */,
				2706D18A1D51E77500A57B78 /* UILabelExtension.swift */,
			);
			name = support;
			sourceTree = "<group>";
		};
		2768AF321D4C41D600C529A6 /* QRScan */ = {
			isa = PBXGroup;
			children = (
				2768AF351D4C424500C529A6 /* Controller */,
			);
			name = QRScan;
			sourceTree = "<group>";
		};
		2768AF351D4C424500C529A6 /* Controller */ = {
			isa = PBXGroup;
			children = (
				2768AF331D4C423400C529A6 /* ZNQRScanViewController.swift */,
			);
			name = Controller;
			sourceTree = "<group>";
		};
		2768AF731D4C761E00C529A6 /* Option */ = {
			isa = PBXGroup;
			children = (
				2768B02F1D4E45AF00C529A6 /* Search */,
				2768AF321D4C41D600C529A6 /* QRScan */,
			);
			name = Option;
			sourceTree = "<group>";
		};
		2768B02F1D4E45AF00C529A6 /* Search */ = {
			isa = PBXGroup;
			children = (
				2768B03E1D4ED04B00C529A6 /* Model */,
				2768B03D1D4ED04500C529A6 /* View */,
				2768B03C1D4ED03C00C529A6 /* Controller */,
			);
			name = Search;
			sourceTree = "<group>";
		};
		2768B03C1D4ED03C00C529A6 /* Controller */ = {
			isa = PBXGroup;
			children = (
				2768B0321D4E467900C529A6 /* ZNSearchViewController.swift */,
				2768B0381D4ECFA500C529A6 /* ZNSearchListViewController.swift */,
			);
			name = Controller;
			sourceTree = "<group>";
		};
		2768B03D1D4ED04500C529A6 /* View */ = {
			isa = PBXGroup;
			children = (
				2768B0331D4E467900C529A6 /* ZNSearchViewController.xib */,
				2768B03A1D4ECFD200C529A6 /* ZNSearchListTableViewCell.swift */,
			);
			name = View;
			sourceTree = "<group>";
		};
		2768B03E1D4ED04B00C529A6 /* Model */ = {
			isa = PBXGroup;
			children = (
				2768B0361D4ECDB000C529A6 /* ZNSearchListModel.swift */,
			);
			name = Model;
			sourceTree = "<group>";
		};
		276AD91D1D47A74700E958CA /* newInfo */ = {
			isa = PBXGroup;
			children = (
				27A8355A1D49D1A90027E77E /* Model */,
				276AD9211D47A80500E958CA /* Controller */,
				276AD91E1D47A75200E958CA /* View */,
			);
			name = newInfo;
			sourceTree = "<group>";
		};
		276AD91E1D47A75200E958CA /* View */ = {
			isa = PBXGroup;
			children = (
				27026E401D487C0B00D270F5 /* ZNPopView.swift */,
			);
			name = View;
			sourceTree = "<group>";
		};
		276AD9211D47A80500E958CA /* Controller */ = {
			isa = PBXGroup;
			children = (
				276AD9221D47A82300E958CA /* ZNNewInfoViewController.swift */,
				2768AEEF1D4BA85900C529A6 /* ZNQRCodeViewController.swift */,
			);
			name = Controller;
			sourceTree = "<group>";
		};
		27A8355A1D49D1A90027E77E /* Model */ = {
			isa = PBXGroup;
			children = (
				27A8355D1D49D9A30027E77E /* ZNMessageInfo.swift */,
				2767EC521D4A0AD000FBC14E /* ZNMessageViewModel.swift */,
			);
			name = Model;
			sourceTree = "<group>";
		};
		27E79C6D1D54704200E34AEF /* Data */ = {
			isa = PBXGroup;
			children = (
				27E79C6E1D54706C00E34AEF /* weather.plist */,
			);
			name = Data;
			sourceTree = "<group>";
		};
		27FC636F1D31387E00A6C112 = {
			isa = PBXGroup;
			children = (
				27A8355F1D49DBF50027E77E /* Ji.framework */,
				27FC637A1D31387E00A6C112 /* ZafuNews */,
				27FC638F1D31387E00A6C112 /* ZafuNewsTests */,
				27FC639A1D31387E00A6C112 /* ZafuNewsUITests */,
				27FC63791D31387E00A6C112 /* Products */,
				A3D2A929A2EAACB5AF2E01C0 /* Pods */,
				9E953AAB41B89C167D8BD925 /* Frameworks */,
			);
			sourceTree = "<group>";
		};
		27FC63791D31387E00A6C112 /* Products */ = {
			isa = PBXGroup;
			children = (
				27FC63781D31387E00A6C112 /* ZafuNews.app */,
				27FC638C1D31387E00A6C112 /* ZafuNewsTests.xctest */,
				27FC63971D31387E00A6C112 /* ZafuNewsUITests.xctest */,
			);
			name = Products;
			sourceTree = "<group>";
		};
		27FC637A1D31387E00A6C112 /* ZafuNews */ = {
			isa = PBXGroup;
			children = (
				27E79C6D1D54704200E34AEF /* Data */,
				27200F7D1D31426C00107D06 /* class */,
				27FC63821D31387E00A6C112 /* Assets.xcassets */,
				27FC63841D31387E00A6C112 /* LaunchScreen.storyboard */,
				27FC63871D31387E00A6C112 /* Info.plist */,
			);
			path = ZafuNews;
			sourceTree = "<group>";
		};
		27FC638F1D31387E00A6C112 /* ZafuNewsTests */ = {
			isa = PBXGroup;
			children = (
				27FC63901D31387E00A6C112 /* ZafuNewsTests.swift */,
				27FC63921D31387E00A6C112 /* Info.plist */,
			);
			path = ZafuNewsTests;
			sourceTree = "<group>";
		};
		27FC639A1D31387E00A6C112 /* ZafuNewsUITests */ = {
			isa = PBXGroup;
			children = (
				27FC639B1D31387E00A6C112 /* ZafuNewsUITests.swift */,
				27FC639D1D31387E00A6C112 /* Info.plist */,
			);
			path = ZafuNewsUITests;
			sourceTree = "<group>";
		};
		9E953AAB41B89C167D8BD925 /* Frameworks */ = {
			isa = PBXGroup;
			children = (
				272624541D50EB25002176A9 /* libsqlite3.tbd */,
				272624521D50EB1B002176A9 /* ImageIO.framework */,
				272624501D50EB10002176A9 /* libstdc++.tbd */,
				2726244E1D50EB08002176A9 /* libz.tbd */,
				2726244C1D50EB01002176A9 /* libicucore.tbd */,
				A975EBC74746D7C49A3059F7 /* Pods.framework */,
			);
			name = Frameworks;
			sourceTree = "<group>";
		};
		A3D2A929A2EAACB5AF2E01C0 /* Pods */ = {
			isa = PBXGroup;
			children = (
				98E8821A2FD00AC4263EBF46 /* Pods.debug.xcconfig */,
				36537C57BDD13CEF65237AEA /* Pods.release.xcconfig */,
			);
			name = Pods;
			sourceTree = "<group>";
		};
/* End PBXGroup section */

/* Begin PBXNativeTarget section */
		27FC63771D31387E00A6C112 /* ZafuNews */ = {
			isa = PBXNativeTarget;
			buildConfigurationList = 27FC63A01D31387E00A6C112 /* Build configuration list for PBXNativeTarget "ZafuNews" */;
			buildPhases = (
				92E1CDFAF7DC5F03BA2188DB /* Check Pods Manifest.lock */,
				27FC63741D31387E00A6C112 /* Sources */,
				27FC63751D31387E00A6C112 /* Frameworks */,
				27FC63761D31387E00A6C112 /* Resources */,
				A67E1A48D362C5C134252B37 /* Embed Pods Frameworks */,
				201E7EB4FDB3C7062292E39A /* Copy Pods Resources */,
			);
			buildRules = (
			);
			dependencies = (
			);
			name = ZafuNews;
			productName = ZafuNews;
			productReference = 27FC63781D31387E00A6C112 /* ZafuNews.app */;
			productType = "com.apple.product-type.application";
		};
		27FC638B1D31387E00A6C112 /* ZafuNewsTests */ = {
			isa = PBXNativeTarget;
			buildConfigurationList = 27FC63A31D31387E00A6C112 /* Build configuration list for PBXNativeTarget "ZafuNewsTests" */;
			buildPhases = (
				27FC63881D31387E00A6C112 /* Sources */,
				27FC63891D31387E00A6C112 /* Frameworks */,
				27FC638A1D31387E00A6C112 /* Resources */,
			);
			buildRules = (
			);
			dependencies = (
				27FC638E1D31387E00A6C112 /* PBXTargetDependency */,
			);
			name = ZafuNewsTests;
			productName = ZafuNewsTests;
			productReference = 27FC638C1D31387E00A6C112 /* ZafuNewsTests.xctest */;
			productType = "com.apple.product-type.bundle.unit-test";
		};
		27FC63961D31387E00A6C112 /* ZafuNewsUITests */ = {
			isa = PBXNativeTarget;
			buildConfigurationList = 27FC63A61D31387F00A6C112 /* Build configuration list for PBXNativeTarget "ZafuNewsUITests" */;
			buildPhases = (
				27FC63931D31387E00A6C112 /* Sources */,
				27FC63941D31387E00A6C112 /* Frameworks */,
				27FC63951D31387E00A6C112 /* Resources */,
			);
			buildRules = (
			);
			dependencies = (
				27FC63991D31387E00A6C112 /* PBXTargetDependency */,
			);
			name = ZafuNewsUITests;
			productName = ZafuNewsUITests;
			productReference = 27FC63971D31387E00A6C112 /* ZafuNewsUITests.xctest */;
			productType = "com.apple.product-type.bundle.ui-testing";
		};
/* End PBXNativeTarget section */

/* Begin PBXProject section */
		27FC63701D31387E00A6C112 /* Project object */ = {
			isa = PBXProject;
			attributes = {
				CLASSPREFIX = ZN;
				LastSwiftUpdateCheck = 0730;
				LastUpgradeCheck = 0730;
				ORGANIZATIONNAME = zkhCreator;
				TargetAttributes = {
					27FC63771D31387E00A6C112 = {
						CreatedOnToolsVersion = 7.3.1;
						DevelopmentTeam = 2322UT7HH9;
					};
					27FC638B1D31387E00A6C112 = {
						CreatedOnToolsVersion = 7.3.1;
						DevelopmentTeam = 2322UT7HH9;
						TestTargetID = 27FC63771D31387E00A6C112;
					};
					27FC63961D31387E00A6C112 = {
						CreatedOnToolsVersion = 7.3.1;
						DevelopmentTeam = 2322UT7HH9;
						TestTargetID = 27FC63771D31387E00A6C112;
					};
				};
			};
			buildConfigurationList = 27FC63731D31387E00A6C112 /* Build configuration list for PBXProject "ZafuNews" */;
			compatibilityVersion = "Xcode 3.2";
			developmentRegion = English;
			hasScannedForEncodings = 0;
			knownRegions = (
				en,
				Base,
			);
			mainGroup = 27FC636F1D31387E00A6C112;
			productRefGroup = 27FC63791D31387E00A6C112 /* Products */;
			projectDirPath = "";
			projectRoot = "";
			targets = (
				27FC63771D31387E00A6C112 /* ZafuNews */,
				27FC638B1D31387E00A6C112 /* ZafuNewsTests */,
				27FC63961D31387E00A6C112 /* ZafuNewsUITests */,
			);
		};
/* End PBXProject section */

/* Begin PBXResourcesBuildPhase section */
		27FC63761D31387E00A6C112 /* Resources */ = {
			isa = PBXResourcesBuildPhase;
			buildActionMask = 2147483647;
			files = (
				27FC63861D31387E00A6C112 /* LaunchScreen.storyboard in Resources */,
				2768B0351D4E467900C529A6 /* ZNSearchViewController.xib in Resources */,
				27FC63831D31387E00A6C112 /* Assets.xcassets in Resources */,
				27E79C6F1D54706C00E34AEF /* weather.plist in Resources */,
			);
			runOnlyForDeploymentPostprocessing = 0;
		};
		27FC638A1D31387E00A6C112 /* Resources */ = {
			isa = PBXResourcesBuildPhase;
			buildActionMask = 2147483647;
			files = (
			);
			runOnlyForDeploymentPostprocessing = 0;
		};
		27FC63951D31387E00A6C112 /* Resources */ = {
			isa = PBXResourcesBuildPhase;
			buildActionMask = 2147483647;
			files = (
			);
			runOnlyForDeploymentPostprocessing = 0;
		};
/* End PBXResourcesBuildPhase section */

/* Begin PBXShellScriptBuildPhase section */
		201E7EB4FDB3C7062292E39A /* Copy Pods Resources */ = {
			isa = PBXShellScriptBuildPhase;
			buildActionMask = 2147483647;
			files = (
			);
			inputPaths = (
			);
			name = "Copy Pods Resources";
			outputPaths = (
			);
			runOnlyForDeploymentPostprocessing = 0;
			shellPath = /bin/sh;
			shellScript = "\"${SRCROOT}/Pods/Target Support Files/Pods/Pods-resources.sh\"\n";
			showEnvVarsInLog = 0;
		};
		92E1CDFAF7DC5F03BA2188DB /* Check Pods Manifest.lock */ = {
			isa = PBXShellScriptBuildPhase;
			buildActionMask = 2147483647;
			files = (
			);
			inputPaths = (
			);
			name = "Check Pods Manifest.lock";
			outputPaths = (
			);
			runOnlyForDeploymentPostprocessing = 0;
			shellPath = /bin/sh;
			shellScript = "diff \"${PODS_ROOT}/../Podfile.lock\" \"${PODS_ROOT}/Manifest.lock\" > /dev/null\nif [[ $? != 0 ]] ; then\n    cat << EOM\nerror: The sandbox is not in sync with the Podfile.lock. Run 'pod install' or update your CocoaPods installation.\nEOM\n    exit 1\nfi\n";
			showEnvVarsInLog = 0;
		};
		A67E1A48D362C5C134252B37 /* Embed Pods Frameworks */ = {
			isa = PBXShellScriptBuildPhase;
			buildActionMask = 2147483647;
			files = (
			);
			inputPaths = (
			);
			name = "Embed Pods Frameworks";
			outputPaths = (
			);
			runOnlyForDeploymentPostprocessing = 0;
			shellPath = /bin/sh;
			shellScript = "\"${SRCROOT}/Pods/Target Support Files/Pods/Pods-frameworks.sh\"\n";
			showEnvVarsInLog = 0;
		};
/* End PBXShellScriptBuildPhase section */

/* Begin PBXSourcesBuildPhase section */
		27FC63741D31387E00A6C112 /* Sources */ = {
			isa = PBXSourcesBuildPhase;
			buildActionMask = 2147483647;
			files = (
				2768B03B1D4ECFD200C529A6 /* ZNSearchListTableViewCell.swift in Sources */,
				27FC637C1D31387E00A6C112 /* AppDelegate.swift in Sources */,
				27A8355E1D49D9A30027E77E /* ZNMessageInfo.swift in Sources */,
				2768B02E1D4E3F6500C529A6 /* UIImageExtension.swift in Sources */,
				276AD9231D47A82300E958CA /* ZNNewInfoViewController.swift in Sources */,
				278E639F1D33DFA10096BAF7 /* ZNNavigationController.swift in Sources */,
				27BFA5E81D32387500414EA4 /* ZNWeatherView.swift in Sources */,
				2767EC551D4AD17500FBC14E /* ZNListModel.swift in Sources */,
				2767EC4F1D49F56100FBC14E /* Regex.swift in Sources */,
				2768B0391D4ECFA500C529A6 /* ZNSearchListViewController.swift in Sources */,
				27026E411D487C0B00D270F5 /* ZNPopView.swift in Sources */,
				278E63A31D33E77D0096BAF7 /* ZNInfoListViewController.swift in Sources */,
				2706D18B1D51E77500A57B78 /* UILabelExtension.swift in Sources */,
				27200F8E1D31F83600107D06 /* coreTabPage.swift in Sources */,
				2768AF341D4C423400C529A6 /* ZNQRScanViewController.swift in Sources */,
				2768B0341D4E467900C529A6 /* ZNSearchViewController.swift in Sources */,
				27200FCA1D3215CF00107D06 /* ZNLeftBarView.swift in Sources */,
				278E63A51D33ECF60096BAF7 /* ZNTableViewCell.swift in Sources */,
				2768AEF01D4BA85900C529A6 /* ZNQRCodeViewController.swift in Sources */,
				27200F871D31466500107D06 /* ZNMainViewController.swift in Sources */,
				2767EC531D4A0AD000FBC14E /* ZNMessageViewModel.swift in Sources */,
				27BFA5E61D32278000414EA4 /* ZNLeftListCell.swift in Sources */,
				2768AF311D4C3E0800C529A6 /* StringExtension.swift in Sources */,
				2768B0371D4ECDB000C529A6 /* ZNSearchListModel.swift in Sources */,
				27200F8C1D31F82900107D06 /* UIViewAddition.swift in Sources */,
				27200FCC1D32221600107D06 /* ZNLeftBarContentView.swift in Sources */,
			);
			runOnlyForDeploymentPostprocessing = 0;
		};
		27FC63881D31387E00A6C112 /* Sources */ = {
			isa = PBXSourcesBuildPhase;
			buildActionMask = 2147483647;
			files = (
				27FC63911D31387E00A6C112 /* ZafuNewsTests.swift in Sources */,
			);
			runOnlyForDeploymentPostprocessing = 0;
		};
		27FC63931D31387E00A6C112 /* Sources */ = {
			isa = PBXSourcesBuildPhase;
			buildActionMask = 2147483647;
			files = (
				27FC639C1D31387E00A6C112 /* ZafuNewsUITests.swift in Sources */,
			);
			runOnlyForDeploymentPostprocessing = 0;
		};
/* End PBXSourcesBuildPhase section */

/* Begin PBXTargetDependency section */
		27FC638E1D31387E00A6C112 /* PBXTargetDependency */ = {
			isa = PBXTargetDependency;
			target = 27FC63771D31387E00A6C112 /* ZafuNews */;
			targetProxy = 27FC638D1D31387E00A6C112 /* PBXContainerItemProxy */;
		};
		27FC63991D31387E00A6C112 /* PBXTargetDependency */ = {
			isa = PBXTargetDependency;
			target = 27FC63771D31387E00A6C112 /* ZafuNews */;
			targetProxy = 27FC63981D31387E00A6C112 /* PBXContainerItemProxy */;
		};
/* End PBXTargetDependency section */

/* Begin PBXVariantGroup section */
		27FC63841D31387E00A6C112 /* LaunchScreen.storyboard */ = {
			isa = PBXVariantGroup;
			children = (
				27FC63851D31387E00A6C112 /* Base */,
			);
			name = LaunchScreen.storyboard;
			sourceTree = "<group>";
		};
/* End PBXVariantGroup section */

/* Begin XCBuildConfiguration section */
		27FC639E1D31387E00A6C112 /* Debug */ = {
			isa = XCBuildConfiguration;
			buildSettings = {
				ALWAYS_SEARCH_USER_PATHS = NO;
				CLANG_ANALYZER_NONNULL = YES;
				CLANG_CXX_LANGUAGE_STANDARD = "gnu++0x";
				CLANG_CXX_LIBRARY = "libc++";
				CLANG_ENABLE_MODULES = YES;
				CLANG_ENABLE_OBJC_ARC = YES;
				CLANG_WARN_BOOL_CONVERSION = YES;
				CLANG_WARN_CONSTANT_CONVERSION = YES;
				CLANG_WARN_DIRECT_OBJC_ISA_USAGE = YES_ERROR;
				CLANG_WARN_EMPTY_BODY = YES;
				CLANG_WARN_ENUM_CONVERSION = YES;
				CLANG_WARN_INT_CONVERSION = YES;
				CLANG_WARN_OBJC_ROOT_CLASS = YES_ERROR;
				CLANG_WARN_UNREACHABLE_CODE = YES;
				CLANG_WARN__DUPLICATE_METHOD_MATCH = YES;
				"CODE_SIGN_IDENTITY[sdk=iphoneos*]" = "iPhone Developer";
				COPY_PHASE_STRIP = NO;
				DEBUG_INFORMATION_FORMAT = dwarf;
				ENABLE_STRICT_OBJC_MSGSEND = YES;
				ENABLE_TESTABILITY = YES;
				GCC_C_LANGUAGE_STANDARD = gnu99;
				GCC_DYNAMIC_NO_PIC = NO;
				GCC_NO_COMMON_BLOCKS = YES;
				GCC_OPTIMIZATION_LEVEL = 0;
				GCC_PREPROCESSOR_DEFINITIONS = (
					"DEBUG=1",
					"$(inherited)",
				);
				GCC_WARN_64_TO_32_BIT_CONVERSION = YES;
				GCC_WARN_ABOUT_RETURN_TYPE = YES_ERROR;
				GCC_WARN_UNDECLARED_SELECTOR = YES;
				GCC_WARN_UNINITIALIZED_AUTOS = YES_AGGRESSIVE;
				GCC_WARN_UNUSED_FUNCTION = YES;
				GCC_WARN_UNUSED_VARIABLE = YES;
				IPHONEOS_DEPLOYMENT_TARGET = 9.3;
				MTL_ENABLE_DEBUG_INFO = YES;
				ONLY_ACTIVE_ARCH = YES;
				SDKROOT = iphoneos;
				SWIFT_OPTIMIZATION_LEVEL = "-Onone";
			};
			name = Debug;
		};
		27FC639F1D31387E00A6C112 /* Release */ = {
			isa = XCBuildConfiguration;
			buildSettings = {
				ALWAYS_SEARCH_USER_PATHS = NO;
				CLANG_ANALYZER_NONNULL = YES;
				CLANG_CXX_LANGUAGE_STANDARD = "gnu++0x";
				CLANG_CXX_LIBRARY = "libc++";
				CLANG_ENABLE_MODULES = YES;
				CLANG_ENABLE_OBJC_ARC = YES;
				CLANG_WARN_BOOL_CONVERSION = YES;
				CLANG_WARN_CONSTANT_CONVERSION = YES;
				CLANG_WARN_DIRECT_OBJC_ISA_USAGE = YES_ERROR;
				CLANG_WARN_EMPTY_BODY = YES;
				CLANG_WARN_ENUM_CONVERSION = YES;
				CLANG_WARN_INT_CONVERSION = YES;
				CLANG_WARN_OBJC_ROOT_CLASS = YES_ERROR;
				CLANG_WARN_UNREACHABLE_CODE = YES;
				CLANG_WARN__DUPLICATE_METHOD_MATCH = YES;
				"CODE_SIGN_IDENTITY[sdk=iphoneos*]" = "iPhone Developer";
				COPY_PHASE_STRIP = NO;
				DEBUG_INFORMATION_FORMAT = "dwarf-with-dsym";
				ENABLE_NS_ASSERTIONS = NO;
				ENABLE_STRICT_OBJC_MSGSEND = YES;
				GCC_C_LANGUAGE_STANDARD = gnu99;
				GCC_NO_COMMON_BLOCKS = YES;
				GCC_WARN_64_TO_32_BIT_CONVERSION = YES;
				GCC_WARN_ABOUT_RETURN_TYPE = YES_ERROR;
				GCC_WARN_UNDECLARED_SELECTOR = YES;
				GCC_WARN_UNINITIALIZED_AUTOS = YES_AGGRESSIVE;
				GCC_WARN_UNUSED_FUNCTION = YES;
				GCC_WARN_UNUSED_VARIABLE = YES;
				IPHONEOS_DEPLOYMENT_TARGET = 9.3;
				MTL_ENABLE_DEBUG_INFO = NO;
				SDKROOT = iphoneos;
				VALIDATE_PRODUCT = YES;
			};
			name = Release;
		};
		27FC63A11D31387E00A6C112 /* Debug */ = {
			isa = XCBuildConfiguration;
			baseConfigurationReference = 98E8821A2FD00AC4263EBF46 /* Pods.debug.xcconfig */;
			buildSettings = {
				ASSETCATALOG_COMPILER_APPICON_NAME = AppIcon;
				INFOPLIST_FILE = ZafuNews/Info.plist;
				LD_RUNPATH_SEARCH_PATHS = "$(inherited) @executable_path/Frameworks";
				PRODUCT_BUNDLE_IDENTIFIER = Mike.ZafuNews;
				PRODUCT_NAME = "$(TARGET_NAME)";
				SWIFT_OBJC_BRIDGING_HEADER = "";
			};
			name = Debug;
		};
		27FC63A21D31387E00A6C112 /* Release */ = {
			isa = XCBuildConfiguration;
			baseConfigurationReference = 36537C57BDD13CEF65237AEA /* Pods.release.xcconfig */;
			buildSettings = {
				ASSETCATALOG_COMPILER_APPICON_NAME = AppIcon;
				INFOPLIST_FILE = ZafuNews/Info.plist;
				LD_RUNPATH_SEARCH_PATHS = "$(inherited) @executable_path/Frameworks";
				PRODUCT_BUNDLE_IDENTIFIER = Mike.ZafuNews;
				PRODUCT_NAME = "$(TARGET_NAME)";
				SWIFT_OBJC_BRIDGING_HEADER = "";
			};
			name = Release;
		};
		27FC63A41D31387E00A6C112 /* Debug */ = {
			isa = XCBuildConfiguration;
			buildSettings = {
				BUNDLE_LOADER = "$(TEST_HOST)";
				INFOPLIST_FILE = ZafuNewsTests/Info.plist;
				LD_RUNPATH_SEARCH_PATHS = "$(inherited) @executable_path/Frameworks @loader_path/Frameworks";
				PRODUCT_BUNDLE_IDENTIFIER = Mike.ZafuNewsTests;
				PRODUCT_NAME = "$(TARGET_NAME)";
				TEST_HOST = "$(BUILT_PRODUCTS_DIR)/ZafuNews.app/ZafuNews";
			};
			name = Debug;
		};
		27FC63A51D31387E00A6C112 /* Release */ = {
			isa = XCBuildConfiguration;
			buildSettings = {
				BUNDLE_LOADER = "$(TEST_HOST)";
				INFOPLIST_FILE = ZafuNewsTests/Info.plist;
				LD_RUNPATH_SEARCH_PATHS = "$(inherited) @executable_path/Frameworks @loader_path/Frameworks";
				PRODUCT_BUNDLE_IDENTIFIER = Mike.ZafuNewsTests;
				PRODUCT_NAME = "$(TARGET_NAME)";
				TEST_HOST = "$(BUILT_PRODUCTS_DIR)/ZafuNews.app/ZafuNews";
			};
			name = Release;
		};
		27FC63A71D31387F00A6C112 /* Debug */ = {
			isa = XCBuildConfiguration;
			buildSettings = {
				INFOPLIST_FILE = ZafuNewsUITests/Info.plist;
				LD_RUNPATH_SEARCH_PATHS = "$(inherited) @executable_path/Frameworks @loader_path/Frameworks";
				PRODUCT_BUNDLE_IDENTIFIER = Mike.ZafuNewsUITests;
				PRODUCT_NAME = "$(TARGET_NAME)";
				TEST_TARGET_NAME = ZafuNews;
			};
			name = Debug;
		};
		27FC63A81D31387F00A6C112 /* Release */ = {
			isa = XCBuildConfiguration;
			buildSettings = {
				INFOPLIST_FILE = ZafuNewsUITests/Info.plist;
				LD_RUNPATH_SEARCH_PATHS = "$(inherited) @executable_path/Frameworks @loader_path/Frameworks";
				PRODUCT_BUNDLE_IDENTIFIER = Mike.ZafuNewsUITests;
				PRODUCT_NAME = "$(TARGET_NAME)";
				TEST_TARGET_NAME = ZafuNews;
			};
			name = Release;
		};
/* End XCBuildConfiguration section */

/* Begin XCConfigurationList section */
		27FC63731D31387E00A6C112 /* Build configuration list for PBXProject "ZafuNews" */ = {
			isa = XCConfigurationList;
			buildConfigurations = (
				27FC639E1D31387E00A6C112 /* Debug */,
				27FC639F1D31387E00A6C112 /* Release */,
			);
			defaultConfigurationIsVisible = 0;
			defaultConfigurationName = Release;
		};
		27FC63A01D31387E00A6C112 /* Build configuration list for PBXNativeTarget "ZafuNews" */ = {
			isa = XCConfigurationList;
			buildConfigurations = (
				27FC63A11D31387E00A6C112 /* Debug */,
				27FC63A21D31387E00A6C112 /* Release */,
			);
			defaultConfigurationIsVisible = 0;
			defaultConfigurationName = Release;
		};
		27FC63A31D31387E00A6C112 /* Build configuration list for PBXNativeTarget "ZafuNewsTests" */ = {
			isa = XCConfigurationList;
			buildConfigurations = (
				27FC63A41D31387E00A6C112 /* Debug */,
				27FC63A51D31387E00A6C112 /* Release */,
			);
			defaultConfigurationIsVisible = 0;
			defaultConfigurationName = Release;
		};
		27FC63A61D31387F00A6C112 /* Build configuration list for PBXNativeTarget "ZafuNewsUITests" */ = {
			isa = XCConfigurationList;
			buildConfigurations = (
				27FC63A71D31387F00A6C112 /* Debug */,
				27FC63A81D31387F00A6C112 /* Release */,
			);
			defaultConfigurationIsVisible = 0;
			defaultConfigurationName = Release;
		};
/* End XCConfigurationList section */
	};
	rootObject = 27FC63701D31387E00A6C112 /* Project object */;
}
